// !$*UTF8*$!
{
	archiveVersion = 1;
	classes = {
	};
	objectVersion = 50;
	objects = {

/* Begin PBXBuildFile section */
		239818EF24C1D085005130E3 /* AppDelegate.swift in Sources */ = {isa = PBXBuildFile; fileRef = 239818EE24C1D085005130E3 /* AppDelegate.swift */; };
		239818F124C1D085005130E3 /* SceneDelegate.swift in Sources */ = {isa = PBXBuildFile; fileRef = 239818F024C1D085005130E3 /* SceneDelegate.swift */; };
		239818F324C1D085005130E3 /* ViewController.swift in Sources */ = {isa = PBXBuildFile; fileRef = 239818F224C1D085005130E3 /* ViewController.swift */; };
		239818F624C1D085005130E3 /* Main.storyboard in Resources */ = {isa = PBXBuildFile; fileRef = 239818F424C1D085005130E3 /* Main.storyboard */; };
		239818F824C1D085005130E3 /* Assets.xcassets in Resources */ = {isa = PBXBuildFile; fileRef = 239818F724C1D085005130E3 /* Assets.xcassets */; };
		239818FB24C1D085005130E3 /* LaunchScreen.storyboard in Resources */ = {isa = PBXBuildFile; fileRef = 239818F924C1D085005130E3 /* LaunchScreen.storyboard */; };
		2398190624C1D085005130E3 /* ShopAppTests.swift in Sources */ = {isa = PBXBuildFile; fileRef = 2398190524C1D085005130E3 /* ShopAppTests.swift */; };
		2398191124C1D085005130E3 /* ShopAppUITests.swift in Sources */ = {isa = PBXBuildFile; fileRef = 2398191024C1D085005130E3 /* ShopAppUITests.swift */; };
/* End PBXBuildFile section */

/* Begin PBXContainerItemProxy section */
		2398190224C1D085005130E3 /* PBXContainerItemProxy */ = {
			isa = PBXContainerItemProxy;
			containerPortal = 239818E324C1D084005130E3 /* Project object */;
			proxyType = 1;
			remoteGlobalIDString = 239818EA24C1D085005130E3;
			remoteInfo = ShopApp;
		};
		2398190D24C1D085005130E3 /* PBXContainerItemProxy */ = {
			isa = PBXContainerItemProxy;
			containerPortal = 239818E324C1D084005130E3 /* Project object */;
			proxyType = 1;
			remoteGlobalIDString = 239818EA24C1D085005130E3;
			remoteInfo = ShopApp;
		};
/* End PBXContainerItemProxy section */

/* Begin PBXFileReference section */
		239818EB24C1D085005130E3 /* ShopApp.app */ = {isa = PBXFileReference; explicitFileType = wrapper.application; includeInIndex = 0; path = ShopApp.app; sourceTree = BUILT_PRODUCTS_DIR; };
		239818EE24C1D085005130E3 /* AppDelegate.swift */ = {isa = PBXFileReference; lastKnownFileType = sourcecode.swift; path = AppDelegate.swift; sourceTree = "<group>"; };
		239818F024C1D085005130E3 /* SceneDelegate.swift */ = {isa = PBXFileReference; lastKnownFileType = sourcecode.swift; path = SceneDelegate.swift; sourceTree = "<group>"; };
		239818F224C1D085005130E3 /* ViewController.swift */ = {isa = PBXFileReference; lastKnownFileType = sourcecode.swift; path = ViewController.swift; sourceTree = "<group>"; };
		239818F524C1D085005130E3 /* Base */ = {isa = PBXFileReference; lastKnownFileType = file.storyboard; name = Base; path = Base.lproj/Main.storyboard; sourceTree = "<group>"; };
		239818F724C1D085005130E3 /* Assets.xcassets */ = {isa = PBXFileReference; lastKnownFileType = folder.assetcatalog; path = Assets.xcassets; sourceTree = "<group>"; };
		239818FA24C1D085005130E3 /* Base */ = {isa = PBXFileReference; lastKnownFileType = file.storyboard; name = Base; path = Base.lproj/LaunchScreen.storyboard; sourceTree = "<group>"; };
		239818FC24C1D085005130E3 /* Info.plist */ = {isa = PBXFileReference; lastKnownFileType = text.plist.xml; path = Info.plist; sourceTree = "<group>"; };
		2398190124C1D085005130E3 /* ShopAppTests.xctest */ = {isa = PBXFileReference; explicitFileType = wrapper.cfbundle; includeInIndex = 0; path = ShopAppTests.xctest; sourceTree = BUILT_PRODUCTS_DIR; };
		2398190524C1D085005130E3 /* ShopAppTests.swift */ = {isa = PBXFileReference; lastKnownFileType = sourcecode.swift; path = ShopAppTests.swift; sourceTree = "<group>"; };
		2398190724C1D085005130E3 /* Info.plist */ = {isa = PBXFileReference; lastKnownFileType = text.plist.xml; path = Info.plist; sourceTree = "<group>"; };
		2398190C24C1D085005130E3 /* ShopAppUITests.xctest */ = {isa = PBXFileReference; explicitFileType = wrapper.cfbundle; includeInIndex = 0; path = ShopAppUITests.xctest; sourceTree = BUILT_PRODUCTS_DIR; };
		2398191024C1D085005130E3 /* ShopAppUITests.swift */ = {isa = PBXFileReference; lastKnownFileType = sourcecode.swift; path = ShopAppUITests.swift; sourceTree = "<group>"; };
		2398191224C1D085005130E3 /* Info.plist */ = {isa = PBXFileReference; lastKnownFileType = text.plist.xml; path = Info.plist; sourceTree = "<group>"; };
/* End PBXFileReference section */

/* Begin PBXFrameworksBuildPhase section */
		239818E824C1D085005130E3 /* Frameworks */ = {
			isa = PBXFrameworksBuildPhase;
			buildActionMask = 2147483647;
			files = (
			);
			runOnlyForDeploymentPostprocessing = 0;
		};
		239818FE24C1D085005130E3 /* Frameworks */ = {
			isa = PBXFrameworksBuildPhase;
			buildActionMask = 2147483647;
			files = (
			);
			runOnlyForDeploymentPostprocessing = 0;
		};
		2398190924C1D085005130E3 /* Frameworks */ = {
			isa = PBXFrameworksBuildPhase;
			buildActionMask = 2147483647;
			files = (
			);
			runOnlyForDeploymentPostprocessing = 0;
		};
/* End PBXFrameworksBuildPhase section */

/* Begin PBXGroup section */
		239818E224C1D084005130E3 = {
			isa = PBXGroup;
			children = (
				239818ED24C1D085005130E3 /* ShopApp */,
				2398190424C1D085005130E3 /* ShopAppTests */,
				2398190F24C1D085005130E3 /* ShopAppUITests */,
				239818EC24C1D085005130E3 /* Products */,
			);
			sourceTree = "<group>";
		};
		239818EC24C1D085005130E3 /* Products */ = {
			isa = PBXGroup;
			children = (
				239818EB24C1D085005130E3 /* ShopApp.app */,
				2398190124C1D085005130E3 /* ShopAppTests.xctest */,
				2398190C24C1D085005130E3 /* ShopAppUITests.xctest */,
			);
			name = Products;
			sourceTree = "<group>";
		};
		239818ED24C1D085005130E3 /* ShopApp */ = {
			isa = PBXGroup;
			children = (
				239818EE24C1D085005130E3 /* AppDelegate.swift */,
				239818F024C1D085005130E3 /* SceneDelegate.swift */,
				239818F224C1D085005130E3 /* ViewController.swift */,
				239818F424C1D085005130E3 /* Main.storyboard */,
				239818F724C1D085005130E3 /* Assets.xcassets */,
				239818F924C1D085005130E3 /* LaunchScreen.storyboard */,
				239818FC24C1D085005130E3 /* Info.plist */,
			);
			path = ShopApp;
			sourceTree = "<group>";
		};
		2398190424C1D085005130E3 /* ShopAppTests */ = {
			isa = PBXGroup;
			children = (
				2398190524C1D085005130E3 /* ShopAppTests.swift */,
				2398190724C1D085005130E3 /* Info.plist */,
			);
			path = ShopAppTests;
			sourceTree = "<group>";
		};
		2398190F24C1D085005130E3 /* ShopAppUITests */ = {
			isa = PBXGroup;
			children = (
				2398191024C1D085005130E3 /* ShopAppUITests.swift */,
				2398191224C1D085005130E3 /* Info.plist */,
			);
			path = ShopAppUITests;
			sourceTree = "<group>";
		};
/* End PBXGroup section */

/* Begin PBXNativeTarget section */
		239818EA24C1D085005130E3 /* ShopApp */ = {
			isa = PBXNativeTarget;
			buildConfigurationList = 2398191524C1D085005130E3 /* Build configuration list for PBXNativeTarget "ShopApp" */;
			buildPhases = (
				239818E724C1D085005130E3 /* Sources */,
				239818E824C1D085005130E3 /* Frameworks */,
				239818E924C1D085005130E3 /* Resources */,
			);
			buildRules = (
			);
			dependencies = (
			);
			name = ShopApp;
			productName = ShopApp;
			productReference = 239818EB24C1D085005130E3 /* ShopApp.app */;
			productType = "com.apple.product-type.application";
		};
		2398190024C1D085005130E3 /* ShopAppTests */ = {
			isa = PBXNativeTarget;
			buildConfigurationList = 2398191824C1D085005130E3 /* Build configuration list for PBXNativeTarget "ShopAppTests" */;
			buildPhases = (
				239818FD24C1D085005130E3 /* Sources */,
				239818FE24C1D085005130E3 /* Frameworks */,
				239818FF24C1D085005130E3 /* Resources */,
			);
			buildRules = (
			);
			dependencies = (
				2398190324C1D085005130E3 /* PBXTargetDependency */,
			);
			name = ShopAppTests;
			productName = ShopAppTests;
			productReference = 2398190124C1D085005130E3 /* ShopAppTests.xctest */;
			productType = "com.apple.product-type.bundle.unit-test";
		};
		2398190B24C1D085005130E3 /* ShopAppUITests */ = {
			isa = PBXNativeTarget;
			buildConfigurationList = 2398191B24C1D085005130E3 /* Build configuration list for PBXNativeTarget "ShopAppUITests" */;
			buildPhases = (
				2398190824C1D085005130E3 /* Sources */,
				2398190924C1D085005130E3 /* Frameworks */,
				2398190A24C1D085005130E3 /* Resources */,
			);
			buildRules = (
			);
			dependencies = (
				2398190E24C1D085005130E3 /* PBXTargetDependency */,
			);
			name = ShopAppUITests;
			productName = ShopAppUITests;
			productReference = 2398190C24C1D085005130E3 /* ShopAppUITests.xctest */;
			productType = "com.apple.product-type.bundle.ui-testing";
		};
/* End PBXNativeTarget section */

/* Begin PBXProject section */
		239818E324C1D084005130E3 /* Project object */ = {
			isa = PBXProject;
			attributes = {
				LastSwiftUpdateCheck = 1150;
				LastUpgradeCheck = 1150;
				ORGANIZATIONNAME = "Kirill Anisimov";
				TargetAttributes = {
					239818EA24C1D085005130E3 = {
						CreatedOnToolsVersion = 11.5;
					};
					2398190024C1D085005130E3 = {
						CreatedOnToolsVersion = 11.5;
						TestTargetID = 239818EA24C1D085005130E3;
					};
					2398190B24C1D085005130E3 = {
						CreatedOnToolsVersion = 11.5;
						TestTargetID = 239818EA24C1D085005130E3;
					};
				};
			};
			buildConfigurationList = 239818E624C1D084005130E3 /* Build configuration list for PBXProject "ShopApp" */;
			compatibilityVersion = "Xcode 9.3";
			developmentRegion = en;
			hasScannedForEncodings = 0;
			knownRegions = (
				en,
				Base,
			);
			mainGroup = 239818E224C1D084005130E3;
			productRefGroup = 239818EC24C1D085005130E3 /* Products */;
			projectDirPath = "";
			projectRoot = "";
			targets = (
				239818EA24C1D085005130E3 /* ShopApp */,
				2398190024C1D085005130E3 /* ShopAppTests */,
				2398190B24C1D085005130E3 /* ShopAppUITests */,
			);
		};
/* End PBXProject section */

/* Begin PBXResourcesBuildPhase section */
		239818E924C1D085005130E3 /* Resources */ = {
			isa = PBXResourcesBuildPhase;
			buildActionMask = 2147483647;
			files = (
				239818FB24C1D085005130E3 /* LaunchScreen.storyboard in Resources */,
				239818F824C1D085005130E3 /* Assets.xcassets in Resources */,
				239818F624C1D085005130E3 /* Main.storyboard in Resources */,
			);
			runOnlyForDeploymentPostprocessing = 0;
		};
		239818FF24C1D085005130E3 /* Resources */ = {
			isa = PBXResourcesBuildPhase;
			buildActionMask = 2147483647;
			files = (
			);
			runOnlyForDeploymentPostprocessing = 0;
		};
		2398190A24C1D085005130E3 /* Resources */ = {
			isa = PBXResourcesBuildPhase;
			buildActionMask = 2147483647;
			files = (
			);
			runOnlyForDeploymentPostprocessing = 0;
		};
/* End PBXResourcesBuildPhase section */

/* Begin PBXSourcesBuildPhase section */
		239818E724C1D085005130E3 /* Sources */ = {
			isa = PBXSourcesBuildPhase;
			buildActionMask = 2147483647;
			files = (
				239818F324C1D085005130E3 /* ViewController.swift in Sources */,
				239818EF24C1D085005130E3 /* AppDelegate.swift in Sources */,
				239818F124C1D085005130E3 /* SceneDelegate.swift in Sources */,
			);
			runOnlyForDeploymentPostprocessing = 0;
		};
		239818FD24C1D085005130E3 /* Sources */ = {
			isa = PBXSourcesBuildPhase;
			buildActionMask = 2147483647;
			files = (
				2398190624C1D085005130E3 /* ShopAppTests.swift in Sources */,
			);
			runOnlyForDeploymentPostprocessing = 0;
		};
		2398190824C1D085005130E3 /* Sources */ = {
			isa = PBXSourcesBuildPhase;
			buildActionMask = 2147483647;
			files = (
				2398191124C1D085005130E3 /* ShopAppUITests.swift in Sources */,
			);
			runOnlyForDeploymentPostprocessing = 0;
		};
/* End PBXSourcesBuildPhase section */

/* Begin PBXTargetDependency section */
		2398190324C1D085005130E3 /* PBXTargetDependency */ = {
			isa = PBXTargetDependency;
			target = 239818EA24C1D085005130E3 /* ShopApp */;
			targetProxy = 2398190224C1D085005130E3 /* PBXContainerItemProxy */;
		};
		2398190E24C1D085005130E3 /* PBXTargetDependency */ = {
			isa = PBXTargetDependency;
			target = 239818EA24C1D085005130E3 /* ShopApp */;
			targetProxy = 2398190D24C1D085005130E3 /* PBXContainerItemProxy */;
		};
/* End PBXTargetDependency section */

/* Begin PBXVariantGroup section */
		239818F424C1D085005130E3 /* Main.storyboard */ = {
			isa = PBXVariantGroup;
			children = (
				239818F524C1D085005130E3 /* Base */,
			);
			name = Main.storyboard;
			sourceTree = "<group>";
		};
		239818F924C1D085005130E3 /* LaunchScreen.storyboard */ = {
			isa = PBXVariantGroup;
			children = (
				239818FA24C1D085005130E3 /* Base */,
			);
			name = LaunchScreen.storyboard;
			sourceTree = "<group>";
		};
/* End PBXVariantGroup section */

/* Begin XCBuildConfiguration section */
		2398191324C1D085005130E3 /* Debug */ = {
			isa = XCBuildConfiguration;
			buildSettings = {
				ALWAYS_SEARCH_USER_PATHS = NO;
				CLANG_ANALYZER_NONNULL = YES;
				CLANG_ANALYZER_NUMBER_OBJECT_CONVERSION = YES_AGGRESSIVE;
				CLANG_CXX_LANGUAGE_STANDARD = "gnu++14";
				CLANG_CXX_LIBRARY = "libc++";
				CLANG_ENABLE_MODULES = YES;
				CLANG_ENABLE_OBJC_ARC = YES;
				CLANG_ENABLE_OBJC_WEAK = YES;
				CLANG_WARN_BLOCK_CAPTURE_AUTORELEASING = YES;
				CLANG_WARN_BOOL_CONVERSION = YES;
				CLANG_WARN_COMMA = YES;
				CLANG_WARN_CONSTANT_CONVERSION = YES;
				CLANG_WARN_DEPRECATED_OBJC_IMPLEMENTATIONS = YES;
				CLANG_WARN_DIRECT_OBJC_ISA_USAGE = YES_ERROR;
				CLANG_WARN_DOCUMENTATION_COMMENTS = YES;
				CLANG_WARN_EMPTY_BODY = YES;
				CLANG_WARN_ENUM_CONVERSION = YES;
				CLANG_WARN_INFINITE_RECURSION = YES;
				CLANG_WARN_INT_CONVERSION = YES;
				CLANG_WARN_NON_LITERAL_NULL_CONVERSION = YES;
				CLANG_WARN_OBJC_IMPLICIT_RETAIN_SELF = YES;
				CLANG_WARN_OBJC_LITERAL_CONVERSION = YES;
				CLANG_WARN_OBJC_ROOT_CLASS = YES_ERROR;
				CLANG_WARN_RANGE_LOOP_ANALYSIS = YES;
				CLANG_WARN_STRICT_PROTOTYPES = YES;
				CLANG_WARN_SUSPICIOUS_MOVE = YES;
				CLANG_WARN_UNGUARDED_AVAILABILITY = YES_AGGRESSIVE;
				CLANG_WARN_UNREACHABLE_CODE = YES;
				CLANG_WARN__DUPLICATE_METHOD_MATCH = YES;
				COPY_PHASE_STRIP = NO;
				DEBUG_INFORMATION_FORMAT = dwarf;
				ENABLE_STRICT_OBJC_MSGSEND = YES;
				ENABLE_TESTABILITY = YES;
				GCC_C_LANGUAGE_STANDARD = gnu11;
				GCC_DYNAMIC_NO_PIC = NO;
				GCC_NO_COMMON_BLOCKS = YES;
				GCC_OPTIMIZATION_LEVEL = 0;
				GCC_PREPROCESSOR_DEFINITIONS = (
					"DEBUG=1",
					"$(inherited)",
				);
				GCC_WARN_64_TO_32_BIT_CONVERSION = YES;
				GCC_WARN_ABOUT_RETURN_TYPE = YES_ERROR;
				GCC_WARN_UNDECLARED_SELECTOR = YES;
				GCC_WARN_UNINITIALIZED_AUTOS = YES_AGGRESSIVE;
				GCC_WARN_UNUSED_FUNCTION = YES;
				GCC_WARN_UNUSED_VARIABLE = YES;
				IPHONEOS_DEPLOYMENT_TARGET = 13.5;
				MTL_ENABLE_DEBUG_INFO = INCLUDE_SOURCE;
				MTL_FAST_MATH = YES;
				ONLY_ACTIVE_ARCH = YES;
				SDKROOT = iphoneos;
				SWIFT_ACTIVE_COMPILATION_CONDITIONS = DEBUG;
				SWIFT_OPTIMIZATION_LEVEL = "-Onone";
			};
			name = Debug;
		};
		2398191424C1D085005130E3 /* Release */ = {
			isa = XCBuildConfiguration;
			buildSettings = {
				ALWAYS_SEARCH_USER_PATHS = NO;
				CLANG_ANALYZER_NONNULL = YES;
				CLANG_ANALYZER_NUMBER_OBJECT_CONVERSION = YES_AGGRESSIVE;
				CLANG_CXX_LANGUAGE_STANDARD = "gnu++14";
				CLANG_CXX_LIBRARY = "libc++";
				CLANG_ENABLE_MODULES = YES;
				CLANG_ENABLE_OBJC_ARC = YES;
				CLANG_ENABLE_OBJC_WEAK = YES;
				CLANG_WARN_BLOCK_CAPTURE_AUTORELEASING = YES;
				CLANG_WARN_BOOL_CONVERSION = YES;
				CLANG_WARN_COMMA = YES;
				CLANG_WARN_CONSTANT_CONVERSION = YES;
				CLANG_WARN_DEPRECATED_OBJC_IMPLEMENTATIONS = YES;
				CLANG_WARN_DIRECT_OBJC_ISA_USAGE = YES_ERROR;
				CLANG_WARN_DOCUMENTATION_COMMENTS = YES;
				CLANG_WARN_EMPTY_BODY = YES;
				CLANG_WARN_ENUM_CONVERSION = YES;
				CLANG_WARN_INFINITE_RECURSION = YES;
				CLANG_WARN_INT_CONVERSION = YES;
				CLANG_WARN_NON_LITERAL_NULL_CONVERSION = YES;
				CLANG_WARN_OBJC_IMPLICIT_RETAIN_SELF = YES;
				CLANG_WARN_OBJC_LITERAL_CONVERSION = YES;
				CLANG_WARN_OBJC_ROOT_CLASS = YES_ERROR;
				CLANG_WARN_RANGE_LOOP_ANALYSIS = YES;
				CLANG_WARN_STRICT_PROTOTYPES = YES;
				CLANG_WARN_SUSPICIOUS_MOVE = YES;
				CLANG_WARN_UNGUARDED_AVAILABILITY = YES_AGGRESSIVE;
				CLANG_WARN_UNREACHABLE_CODE = YES;
				CLANG_WARN__DUPLICATE_METHOD_MATCH = YES;
				COPY_PHASE_STRIP = NO;
				DEBUG_INFORMATION_FORMAT = "dwarf-with-dsym";
				ENABLE_NS_ASSERTIONS = NO;
				ENABLE_STRICT_OBJC_MSGSEND = YES;
				GCC_C_LANGUAGE_STANDARD = gnu11;
				GCC_NO_COMMON_BLOCKS = YES;
				GCC_WARN_64_TO_32_BIT_CONVERSION = YES;
				GCC_WARN_ABOUT_RETURN_TYPE = YES_ERROR;
				GCC_WARN_UNDECLARED_SELECTOR = YES;
				GCC_WARN_UNINITIALIZED_AUTOS = YES_AGGRESSIVE;
				GCC_WARN_UNUSED_FUNCTION = YES;
				GCC_WARN_UNUSED_VARIABLE = YES;
				IPHONEOS_DEPLOYMENT_TARGET = 13.5;
				MTL_ENABLE_DEBUG_INFO = NO;
				MTL_FAST_MATH = YES;
				SDKROOT = iphoneos;
				SWIFT_COMPILATION_MODE = wholemodule;
				SWIFT_OPTIMIZATION_LEVEL = "-O";
				VALIDATE_PRODUCT = YES;
			};
			name = Release;
		};
		2398191624C1D085005130E3 /* Debug */ = {
			isa = XCBuildConfiguration;
			buildSettings = {
				ASSETCATALOG_COMPILER_APPICON_NAME = AppIcon;
				CODE_SIGN_STYLE = Automatic;
				DEVELOPMENT_TEAM = 2Q8CDQHFHQ;
				INFOPLIST_FILE = ShopApp/Info.plist;
				LD_RUNPATH_SEARCH_PATHS = (
					"$(inherited)",
					"@executable_path/Frameworks",
				);
				PRODUCT_BUNDLE_IDENTIFIER = "Kirill-Anisimov.ShopApp";
				PRODUCT_NAME = "$(TARGET_NAME)";
				SWIFT_VERSION = 5.0;
				TARGETED_DEVICE_FAMILY = "1,2";
			};
			name = Debug;
		};
		2398191724C1D085005130E3 /* Release */ = {
			isa = XCBuildConfiguration;
			buildSettings = {
				ASSETCATALOG_COMPILER_APPICON_NAME = AppIcon;
				CODE_SIGN_STYLE = Automatic;
				DEVELOPMENT_TEAM = 2Q8CDQHFHQ;
				INFOPLIST_FILE = ShopApp/Info.plist;
				LD_RUNPATH_SEARCH_PATHS = (
					"$(inherited)",
					"@executable_path/Frameworks",
				);
				PRODUCT_BUNDLE_IDENTIFIER = "Kirill-Anisimov.ShopApp";
				PRODUCT_NAME = "$(TARGET_NAME)";
				SWIFT_VERSION = 5.0;
				TARGETED_DEVICE_FAMILY = "1,2";
			};
			name = Release;
		};
		2398191924C1D085005130E3 /* Debug */ = {
			isa = XCBuildConfiguration;
			buildSettings = {
				ALWAYS_EMBED_SWIFT_STANDARD_LIBRARIES = YES;
				BUNDLE_LOADER = "$(TEST_HOST)";
				CODE_SIGN_STYLE = Automatic;
				DEVELOPMENT_TEAM = 2Q8CDQHFHQ;
				INFOPLIST_FILE = ShopAppTests/Info.plist;
				IPHONEOS_DEPLOYMENT_TARGET = 13.5;
				LD_RUNPATH_SEARCH_PATHS = (
					"$(inherited)",
					"@executable_path/Frameworks",
					"@loader_path/Frameworks",
				);
				PRODUCT_BUNDLE_IDENTIFIER = "Kirill-Anisimov.ShopAppTests";
				PRODUCT_NAME = "$(TARGET_NAME)";
				SWIFT_VERSION = 5.0;
				TARGETED_DEVICE_FAMILY = "1,2";
				TEST_HOST = "$(BUILT_PRODUCTS_DIR)/ShopApp.app/ShopApp";
			};
			name = Debug;
		};
		2398191A24C1D085005130E3 /* Release */ = {
			isa = XCBuildConfiguration;
			buildSettings = {
				ALWAYS_EMBED_SWIFT_STANDARD_LIBRARIES = YES;
				BUNDLE_LOADER = "$(TEST_HOST)";
				CODE_SIGN_STYLE = Automatic;
				DEVELOPMENT_TEAM = 2Q8CDQHFHQ;
				INFOPLIST_FILE = ShopAppTests/Info.plist;
				IPHONEOS_DEPLOYMENT_TARGET = 13.5;
				LD_RUNPATH_SEARCH_PATHS = (
					"$(inherited)",
					"@executable_path/Frameworks",
					"@loader_path/Frameworks",
				);
				PRODUCT_BUNDLE_IDENTIFIER = "Kirill-Anisimov.ShopAppTests";
				PRODUCT_NAME = "$(TARGET_NAME)";
				SWIFT_VERSION = 5.0;
				TARGETED_DEVICE_FAMILY = "1,2";
				TEST_HOST = "$(BUILT_PRODUCTS_DIR)/ShopApp.app/ShopApp";
			};
			name = Release;
		};
		2398191C24C1D085005130E3 /* Debug */ = {
			isa = XCBuildConfiguration;
			buildSettings = {
				ALWAYS_EMBED_SWIFT_STANDARD_LIBRARIES = YES;
				CODE_SIGN_STYLE = Automatic;
				DEVELOPMENT_TEAM = 2Q8CDQHFHQ;
				INFOPLIST_FILE = ShopAppUITests/Info.plist;
				LD_RUNPATH_SEARCH_PATHS = (
					"$(inherited)",
					"@executable_path/Frameworks",
					"@loader_path/Frameworks",
				);
				PRODUCT_BUNDLE_IDENTIFIER = "Kirill-Anisimov.ShopAppUITests";
				PRODUCT_NAME = "$(TARGET_NAME)";
				SWIFT_VERSION = 5.0;
				TARGETED_DEVICE_FAMILY = "1,2";
				TEST_TARGET_NAME = ShopApp;
			};
			name = Debug;
		};
		2398191D24C1D085005130E3 /* Release */ = {
			isa = XCBuildConfiguration;
			buildSettings = {
				ALWAYS_EMBED_SWIFT_STANDARD_LIBRARIES = YES;
				CODE_SIGN_STYLE = Automatic;
				DEVELOPMENT_TEAM = 2Q8CDQHFHQ;
				INFOPLIST_FILE = ShopAppUITests/Info.plist;
				LD_RUNPATH_SEARCH_PATHS = (
					"$(inherited)",
					"@executable_path/Frameworks",
					"@loader_path/Frameworks",
				);
				PRODUCT_BUNDLE_IDENTIFIER = "Kirill-Anisimov.ShopAppUITests";
				PRODUCT_NAME = "$(TARGET_NAME)";
				SWIFT_VERSION = 5.0;
				TARGETED_DEVICE_FAMILY = "1,2";
				TEST_TARGET_NAME = ShopApp;
			};
			name = Release;
		};
/* End XCBuildConfiguration section */

/* Begin XCConfigurationList section */
		239818E624C1D084005130E3 /* Build configuration list for PBXProject "ShopApp" */ = {
			isa = XCConfigurationList;
			buildConfigurations = (
				2398191324C1D085005130E3 /* Debug */,
				2398191424C1D085005130E3 /* Release */,
			);
			defaultConfigurationIsVisible = 0;
			defaultConfigurationName = Release;
		};
		2398191524C1D085005130E3 /* Build configuration list for PBXNativeTarget "ShopApp" */ = {
			isa = XCConfigurationList;
			buildConfigurations = (
				2398191624C1D085005130E3 /* Debug */,
				2398191724C1D085005130E3 /* Release */,
			);
			defaultConfigurationIsVisible = 0;
			defaultConfigurationName = Release;
		};
		2398191824C1D085005130E3 /* Build configuration list for PBXNativeTarget "ShopAppTests" */ = {
			isa = XCConfigurationList;
			buildConfigurations = (
				2398191924C1D085005130E3 /* Debug */,
				2398191A24C1D085005130E3 /* Release */,
			);
			defaultConfigurationIsVisible = 0;
			defaultConfigurationName = Release;
		};
		2398191B24C1D085005130E3 /* Build configuration list for PBXNativeTarget "ShopAppUITests" */ = {
			isa = XCConfigurationList;
			buildConfigurations = (
				2398191C24C1D085005130E3 /* Debug */,
				2398191D24C1D085005130E3 /* Release */,
			);
			defaultConfigurationIsVisible = 0;
			defaultConfigurationName = Release;
		};
/* End XCConfigurationList section */
	};
	rootObject = 239818E324C1D084005130E3 /* Project object */;
}
