// !$*UTF8*$!
{
	archiveVersion = 1;
	classes = {
	};
	objectVersion = 51;
	objects = {

/* Begin PBXBuildFile section */
		23105D4F24D0A7CB00674391 /* routes.swift in Sources */ = {isa = PBXBuildFile; fileRef = 23105D4E24D0A7CB00674391 /* routes.swift */; };
		236BA61624CAE4A400E8C91B /* CatalogData.swift in Sources */ = {isa = PBXBuildFile; fileRef = 236BA61524CAE4A400E8C91B /* CatalogData.swift */; };
		236BA61824CAE51A00E8C91B /* CatalogDataRequestFactory.swift in Sources */ = {isa = PBXBuildFile; fileRef = 236BA61724CAE51A00E8C91B /* CatalogDataRequestFactory.swift */; };
		236BA61A24CAE58300E8C91B /* CatalogDataResult.swift in Sources */ = {isa = PBXBuildFile; fileRef = 236BA61924CAE58300E8C91B /* CatalogDataResult.swift */; };
		236BA61D24CB021400E8C91B /* ProductData.swift in Sources */ = {isa = PBXBuildFile; fileRef = 236BA61C24CB021400E8C91B /* ProductData.swift */; };
		236BA61F24CB036F00E8C91B /* ProductDataResult.swift in Sources */ = {isa = PBXBuildFile; fileRef = 236BA61E24CB036F00E8C91B /* ProductDataResult.swift */; };
		236BA62124CB03A700E8C91B /* ProductDataRequestFactory.swift in Sources */ = {isa = PBXBuildFile; fileRef = 236BA62024CB03A700E8C91B /* ProductDataRequestFactory.swift */; };
		236BA62324CB221E00E8C91B /* AuthTest.swift in Sources */ = {isa = PBXBuildFile; fileRef = 236BA62224CB221E00E8C91B /* AuthTest.swift */; };
		2387FAD324CC013800418D6A /* LogoutTest.swift in Sources */ = {isa = PBXBuildFile; fileRef = 2387FAD224CC013800418D6A /* LogoutTest.swift */; };
		2387FAD524CC034100418D6A /* ProfileChangeTest.swift in Sources */ = {isa = PBXBuildFile; fileRef = 2387FAD424CC034100418D6A /* ProfileChangeTest.swift */; };
		2387FAD724CC08C500418D6A /* CatalogDataTest.swift in Sources */ = {isa = PBXBuildFile; fileRef = 2387FAD624CC08C500418D6A /* CatalogDataTest.swift */; };
		2387FAD924CC0DCC00418D6A /* ProductDataTest.swift in Sources */ = {isa = PBXBuildFile; fileRef = 2387FAD824CC0DCC00418D6A /* ProductDataTest.swift */; };
		239818EF24C1D085005130E3 /* AppDelegate.swift in Sources */ = {isa = PBXBuildFile; fileRef = 239818EE24C1D085005130E3 /* AppDelegate.swift */; };
		239818F124C1D085005130E3 /* SceneDelegate.swift in Sources */ = {isa = PBXBuildFile; fileRef = 239818F024C1D085005130E3 /* SceneDelegate.swift */; };
		239818F824C1D085005130E3 /* Assets.xcassets in Resources */ = {isa = PBXBuildFile; fileRef = 239818F724C1D085005130E3 /* Assets.xcassets */; };
		239818FB24C1D085005130E3 /* LaunchScreen.storyboard in Resources */ = {isa = PBXBuildFile; fileRef = 239818F924C1D085005130E3 /* LaunchScreen.storyboard */; };
		2398190624C1D085005130E3 /* ShopAppTests.swift in Sources */ = {isa = PBXBuildFile; fileRef = 2398190524C1D085005130E3 /* ShopAppTests.swift */; };
		2398191124C1D085005130E3 /* ShopAppUITests.swift in Sources */ = {isa = PBXBuildFile; fileRef = 2398191024C1D085005130E3 /* ShopAppUITests.swift */; };
		23B8F92424D43A36004D5840 /* ReviewsList.swift in Sources */ = {isa = PBXBuildFile; fileRef = 23B8F92324D43A36004D5840 /* ReviewsList.swift */; };
		23B8F92624D43B07004D5840 /* ReviewsListResult.swift in Sources */ = {isa = PBXBuildFile; fileRef = 23B8F92524D43B07004D5840 /* ReviewsListResult.swift */; };
		23B8F92824D43B15004D5840 /* ReviewsListRequestFactory.swift in Sources */ = {isa = PBXBuildFile; fileRef = 23B8F92724D43B15004D5840 /* ReviewsListRequestFactory.swift */; };
		23BD26ED24C59CD700671411 /* AbstractErrorParser.swift in Sources */ = {isa = PBXBuildFile; fileRef = 23BD26EC24C59CD700671411 /* AbstractErrorParser.swift */; };
		23BD26EF24C59DDC00671411 /* ErrorParser.swift in Sources */ = {isa = PBXBuildFile; fileRef = 23BD26EE24C59DDC00671411 /* ErrorParser.swift */; };
		23BD26F124C59E5500671411 /* DataRequest.swift in Sources */ = {isa = PBXBuildFile; fileRef = 23BD26F024C59E5500671411 /* DataRequest.swift */; };
		23BD26F324C5A75400671411 /* RequestRouter.swift in Sources */ = {isa = PBXBuildFile; fileRef = 23BD26F224C5A75400671411 /* RequestRouter.swift */; };
		23BD26F524C5AA0E00671411 /* LoginResult.swift in Sources */ = {isa = PBXBuildFile; fileRef = 23BD26F424C5AA0E00671411 /* LoginResult.swift */; };
		23BD26F724C5AA3200671411 /* User.swift in Sources */ = {isa = PBXBuildFile; fileRef = 23BD26F624C5AA3200671411 /* User.swift */; };
		23BD26FA24C5AAA400671411 /* AuthRequestFactory.swift in Sources */ = {isa = PBXBuildFile; fileRef = 23BD26F924C5AAA400671411 /* AuthRequestFactory.swift */; };
		23BD26FC24C5AB1C00671411 /* Auth.swift in Sources */ = {isa = PBXBuildFile; fileRef = 23BD26FB24C5AB1C00671411 /* Auth.swift */; };
		23BD26FE24C5AB9600671411 /* RequestFactory.swift in Sources */ = {isa = PBXBuildFile; fileRef = 23BD26FD24C5AB9600671411 /* RequestFactory.swift */; };
		23BD270024C5CD9F00671411 /* CustomDecodableSerializer.swift in Sources */ = {isa = PBXBuildFile; fileRef = 23BD26FF24C5CD9F00671411 /* CustomDecodableSerializer.swift */; };
		23BD270824C6DF5400671411 /* LogoutResult.swift in Sources */ = {isa = PBXBuildFile; fileRef = 23BD270724C6DF5400671411 /* LogoutResult.swift */; };
		23BD270A24C6DFAD00671411 /* Logout.swift in Sources */ = {isa = PBXBuildFile; fileRef = 23BD270924C6DFAD00671411 /* Logout.swift */; };
		23BD270C24C6E13900671411 /* LogoutRequestFactory.swift in Sources */ = {isa = PBXBuildFile; fileRef = 23BD270B24C6E13900671411 /* LogoutRequestFactory.swift */; };
		23BD270F24C6F43E00671411 /* ProfileChange.swift in Sources */ = {isa = PBXBuildFile; fileRef = 23BD270E24C6F43E00671411 /* ProfileChange.swift */; };
		23BD271124C6F47800671411 /* ProfileChangeResult.swift in Sources */ = {isa = PBXBuildFile; fileRef = 23BD271024C6F47800671411 /* ProfileChangeResult.swift */; };
		23BD271324C6F48F00671411 /* ProfileChangeRequestFactory.swift in Sources */ = {isa = PBXBuildFile; fileRef = 23BD271224C6F48F00671411 /* ProfileChangeRequestFactory.swift */; };
		23BD271624C717C200671411 /* SignUp.swift in Sources */ = {isa = PBXBuildFile; fileRef = 23BD271524C717C200671411 /* SignUp.swift */; };
		23BD271824C717D700671411 /* SignUpResult.swift in Sources */ = {isa = PBXBuildFile; fileRef = 23BD271724C717D700671411 /* SignUpResult.swift */; };
		23BD271A24C717F200671411 /* SignUpRequestFactory.swift in Sources */ = {isa = PBXBuildFile; fileRef = 23BD271924C717F200671411 /* SignUpRequestFactory.swift */; };
		34787A84F59BEE84F4BBDF7C /* Pods_ShopAppTests.framework in Frameworks */ = {isa = PBXBuildFile; fileRef = 03F135D30D82EE2218CCF031 /* Pods_ShopAppTests.framework */; };
		3FAAA6656F9D801028163F74 /* Pods_ShopApp.framework in Frameworks */ = {isa = PBXBuildFile; fileRef = 8B8F81A3F61167790876216D /* Pods_ShopApp.framework */; };
		C73E6A26F96892A5E7135B27 /* Pods_ShopApp_ShopAppUITests.framework in Frameworks */ = {isa = PBXBuildFile; fileRef = F4164D77998B66AE559BB108 /* Pods_ShopApp_ShopAppUITests.framework */; };
/* End PBXBuildFile section */

/* Begin PBXContainerItemProxy section */
		2398190224C1D085005130E3 /* PBXContainerItemProxy */ = {
			isa = PBXContainerItemProxy;
			containerPortal = 239818E324C1D084005130E3 /* Project object */;
			proxyType = 1;
			remoteGlobalIDString = 239818EA24C1D085005130E3;
			remoteInfo = ShopApp;
		};
		2398190D24C1D085005130E3 /* PBXContainerItemProxy */ = {
			isa = PBXContainerItemProxy;
			containerPortal = 239818E324C1D084005130E3 /* Project object */;
			proxyType = 1;
			remoteGlobalIDString = 239818EA24C1D085005130E3;
			remoteInfo = ShopApp;
		};
/* End PBXContainerItemProxy section */

/* Begin PBXFileReference section */
		03F135D30D82EE2218CCF031 /* Pods_ShopAppTests.framework */ = {isa = PBXFileReference; explicitFileType = wrapper.framework; includeInIndex = 0; path = Pods_ShopAppTests.framework; sourceTree = BUILT_PRODUCTS_DIR; };
		050EA76BA33DB0EFBFEFE40A /* Pods-ShopAppTests.release.xcconfig */ = {isa = PBXFileReference; includeInIndex = 1; lastKnownFileType = text.xcconfig; name = "Pods-ShopAppTests.release.xcconfig"; path = "Target Support Files/Pods-ShopAppTests/Pods-ShopAppTests.release.xcconfig"; sourceTree = "<group>"; };
		23105D4E24D0A7CB00674391 /* routes.swift */ = {isa = PBXFileReference; fileEncoding = 4; lastKnownFileType = sourcecode.swift; path = routes.swift; sourceTree = "<group>"; };
		236BA61524CAE4A400E8C91B /* CatalogData.swift */ = {isa = PBXFileReference; lastKnownFileType = sourcecode.swift; path = CatalogData.swift; sourceTree = "<group>"; };
		236BA61724CAE51A00E8C91B /* CatalogDataRequestFactory.swift */ = {isa = PBXFileReference; lastKnownFileType = sourcecode.swift; path = CatalogDataRequestFactory.swift; sourceTree = "<group>"; };
		236BA61924CAE58300E8C91B /* CatalogDataResult.swift */ = {isa = PBXFileReference; lastKnownFileType = sourcecode.swift; path = CatalogDataResult.swift; sourceTree = "<group>"; };
		236BA61C24CB021400E8C91B /* ProductData.swift */ = {isa = PBXFileReference; lastKnownFileType = sourcecode.swift; path = ProductData.swift; sourceTree = "<group>"; };
		236BA61E24CB036F00E8C91B /* ProductDataResult.swift */ = {isa = PBXFileReference; lastKnownFileType = sourcecode.swift; path = ProductDataResult.swift; sourceTree = "<group>"; };
		236BA62024CB03A700E8C91B /* ProductDataRequestFactory.swift */ = {isa = PBXFileReference; lastKnownFileType = sourcecode.swift; path = ProductDataRequestFactory.swift; sourceTree = "<group>"; };
		236BA62224CB221E00E8C91B /* AuthTest.swift */ = {isa = PBXFileReference; lastKnownFileType = sourcecode.swift; path = AuthTest.swift; sourceTree = "<group>"; };
		2387FAD224CC013800418D6A /* LogoutTest.swift */ = {isa = PBXFileReference; lastKnownFileType = sourcecode.swift; path = LogoutTest.swift; sourceTree = "<group>"; };
		2387FAD424CC034100418D6A /* ProfileChangeTest.swift */ = {isa = PBXFileReference; lastKnownFileType = sourcecode.swift; path = ProfileChangeTest.swift; sourceTree = "<group>"; };
		2387FAD624CC08C500418D6A /* CatalogDataTest.swift */ = {isa = PBXFileReference; lastKnownFileType = sourcecode.swift; path = CatalogDataTest.swift; sourceTree = "<group>"; };
		2387FAD824CC0DCC00418D6A /* ProductDataTest.swift */ = {isa = PBXFileReference; lastKnownFileType = sourcecode.swift; path = ProductDataTest.swift; sourceTree = "<group>"; };
		239818EB24C1D085005130E3 /* ShopApp.app */ = {isa = PBXFileReference; explicitFileType = wrapper.application; includeInIndex = 0; path = ShopApp.app; sourceTree = BUILT_PRODUCTS_DIR; };
		239818EE24C1D085005130E3 /* AppDelegate.swift */ = {isa = PBXFileReference; lastKnownFileType = sourcecode.swift; path = AppDelegate.swift; sourceTree = "<group>"; };
		239818F024C1D085005130E3 /* SceneDelegate.swift */ = {isa = PBXFileReference; lastKnownFileType = sourcecode.swift; path = SceneDelegate.swift; sourceTree = "<group>"; };
		239818F724C1D085005130E3 /* Assets.xcassets */ = {isa = PBXFileReference; lastKnownFileType = folder.assetcatalog; path = Assets.xcassets; sourceTree = "<group>"; };
		239818FA24C1D085005130E3 /* Base */ = {isa = PBXFileReference; lastKnownFileType = file.storyboard; name = Base; path = Base.lproj/LaunchScreen.storyboard; sourceTree = "<group>"; };
		239818FC24C1D085005130E3 /* Info.plist */ = {isa = PBXFileReference; lastKnownFileType = text.plist.xml; path = Info.plist; sourceTree = "<group>"; };
		2398190124C1D085005130E3 /* ShopAppTests.xctest */ = {isa = PBXFileReference; explicitFileType = wrapper.cfbundle; includeInIndex = 0; path = ShopAppTests.xctest; sourceTree = BUILT_PRODUCTS_DIR; };
		2398190524C1D085005130E3 /* ShopAppTests.swift */ = {isa = PBXFileReference; lastKnownFileType = sourcecode.swift; path = ShopAppTests.swift; sourceTree = "<group>"; };
		2398190724C1D085005130E3 /* Info.plist */ = {isa = PBXFileReference; lastKnownFileType = text.plist.xml; path = Info.plist; sourceTree = "<group>"; };
		2398190C24C1D085005130E3 /* ShopAppUITests.xctest */ = {isa = PBXFileReference; explicitFileType = wrapper.cfbundle; includeInIndex = 0; path = ShopAppUITests.xctest; sourceTree = BUILT_PRODUCTS_DIR; };
		2398191024C1D085005130E3 /* ShopAppUITests.swift */ = {isa = PBXFileReference; lastKnownFileType = sourcecode.swift; path = ShopAppUITests.swift; sourceTree = "<group>"; };
		2398191224C1D085005130E3 /* Info.plist */ = {isa = PBXFileReference; lastKnownFileType = text.plist.xml; path = Info.plist; sourceTree = "<group>"; };
		23B8F92324D43A36004D5840 /* ReviewsList.swift */ = {isa = PBXFileReference; lastKnownFileType = sourcecode.swift; path = ReviewsList.swift; sourceTree = "<group>"; };
		23B8F92524D43B07004D5840 /* ReviewsListResult.swift */ = {isa = PBXFileReference; lastKnownFileType = sourcecode.swift; path = ReviewsListResult.swift; sourceTree = "<group>"; };
		23B8F92724D43B15004D5840 /* ReviewsListRequestFactory.swift */ = {isa = PBXFileReference; lastKnownFileType = sourcecode.swift; path = ReviewsListRequestFactory.swift; sourceTree = "<group>"; };
		23BD26EC24C59CD700671411 /* AbstractErrorParser.swift */ = {isa = PBXFileReference; lastKnownFileType = sourcecode.swift; path = AbstractErrorParser.swift; sourceTree = "<group>"; };
		23BD26EE24C59DDC00671411 /* ErrorParser.swift */ = {isa = PBXFileReference; lastKnownFileType = sourcecode.swift; path = ErrorParser.swift; sourceTree = "<group>"; };
		23BD26F024C59E5500671411 /* DataRequest.swift */ = {isa = PBXFileReference; lastKnownFileType = sourcecode.swift; path = DataRequest.swift; sourceTree = "<group>"; };
		23BD26F224C5A75400671411 /* RequestRouter.swift */ = {isa = PBXFileReference; lastKnownFileType = sourcecode.swift; path = RequestRouter.swift; sourceTree = "<group>"; };
		23BD26F424C5AA0E00671411 /* LoginResult.swift */ = {isa = PBXFileReference; lastKnownFileType = sourcecode.swift; path = LoginResult.swift; sourceTree = "<group>"; };
		23BD26F624C5AA3200671411 /* User.swift */ = {isa = PBXFileReference; lastKnownFileType = sourcecode.swift; path = User.swift; sourceTree = "<group>"; };
		23BD26F924C5AAA400671411 /* AuthRequestFactory.swift */ = {isa = PBXFileReference; lastKnownFileType = sourcecode.swift; path = AuthRequestFactory.swift; sourceTree = "<group>"; };
		23BD26FB24C5AB1C00671411 /* Auth.swift */ = {isa = PBXFileReference; lastKnownFileType = sourcecode.swift; path = Auth.swift; sourceTree = "<group>"; };
		23BD26FD24C5AB9600671411 /* RequestFactory.swift */ = {isa = PBXFileReference; lastKnownFileType = sourcecode.swift; path = RequestFactory.swift; sourceTree = "<group>"; };
		23BD26FF24C5CD9F00671411 /* CustomDecodableSerializer.swift */ = {isa = PBXFileReference; lastKnownFileType = sourcecode.swift; path = CustomDecodableSerializer.swift; sourceTree = "<group>"; };
		23BD270724C6DF5400671411 /* LogoutResult.swift */ = {isa = PBXFileReference; lastKnownFileType = sourcecode.swift; path = LogoutResult.swift; sourceTree = "<group>"; };
		23BD270924C6DFAD00671411 /* Logout.swift */ = {isa = PBXFileReference; lastKnownFileType = sourcecode.swift; path = Logout.swift; sourceTree = "<group>"; };
		23BD270B24C6E13900671411 /* LogoutRequestFactory.swift */ = {isa = PBXFileReference; lastKnownFileType = sourcecode.swift; path = LogoutRequestFactory.swift; sourceTree = "<group>"; };
		23BD270E24C6F43E00671411 /* ProfileChange.swift */ = {isa = PBXFileReference; lastKnownFileType = sourcecode.swift; path = ProfileChange.swift; sourceTree = "<group>"; };
		23BD271024C6F47800671411 /* ProfileChangeResult.swift */ = {isa = PBXFileReference; lastKnownFileType = sourcecode.swift; path = ProfileChangeResult.swift; sourceTree = "<group>"; };
		23BD271224C6F48F00671411 /* ProfileChangeRequestFactory.swift */ = {isa = PBXFileReference; lastKnownFileType = sourcecode.swift; path = ProfileChangeRequestFactory.swift; sourceTree = "<group>"; };
		23BD271524C717C200671411 /* SignUp.swift */ = {isa = PBXFileReference; lastKnownFileType = sourcecode.swift; path = SignUp.swift; sourceTree = "<group>"; };
		23BD271724C717D700671411 /* SignUpResult.swift */ = {isa = PBXFileReference; lastKnownFileType = sourcecode.swift; path = SignUpResult.swift; sourceTree = "<group>"; };
		23BD271924C717F200671411 /* SignUpRequestFactory.swift */ = {isa = PBXFileReference; lastKnownFileType = sourcecode.swift; path = SignUpRequestFactory.swift; sourceTree = "<group>"; };
		47313C417776F35D9520D726 /* Pods-ShopApp.release.xcconfig */ = {isa = PBXFileReference; includeInIndex = 1; lastKnownFileType = text.xcconfig; name = "Pods-ShopApp.release.xcconfig"; path = "Target Support Files/Pods-ShopApp/Pods-ShopApp.release.xcconfig"; sourceTree = "<group>"; };
		87A240A36C333D05D95186A7 /* Pods-ShopApp-ShopAppUITests.debug.xcconfig */ = {isa = PBXFileReference; includeInIndex = 1; lastKnownFileType = text.xcconfig; name = "Pods-ShopApp-ShopAppUITests.debug.xcconfig"; path = "Target Support Files/Pods-ShopApp-ShopAppUITests/Pods-ShopApp-ShopAppUITests.debug.xcconfig"; sourceTree = "<group>"; };
		8B8F81A3F61167790876216D /* Pods_ShopApp.framework */ = {isa = PBXFileReference; explicitFileType = wrapper.framework; includeInIndex = 0; path = Pods_ShopApp.framework; sourceTree = BUILT_PRODUCTS_DIR; };
		96C81C80C29634EA6C53792A /* Pods-ShopApp.debug.xcconfig */ = {isa = PBXFileReference; includeInIndex = 1; lastKnownFileType = text.xcconfig; name = "Pods-ShopApp.debug.xcconfig"; path = "Target Support Files/Pods-ShopApp/Pods-ShopApp.debug.xcconfig"; sourceTree = "<group>"; };
		B88189C055F382D1B17DBBF9 /* Pods-ShopAppTests.debug.xcconfig */ = {isa = PBXFileReference; includeInIndex = 1; lastKnownFileType = text.xcconfig; name = "Pods-ShopAppTests.debug.xcconfig"; path = "Target Support Files/Pods-ShopAppTests/Pods-ShopAppTests.debug.xcconfig"; sourceTree = "<group>"; };
		F4164D77998B66AE559BB108 /* Pods_ShopApp_ShopAppUITests.framework */ = {isa = PBXFileReference; explicitFileType = wrapper.framework; includeInIndex = 0; path = Pods_ShopApp_ShopAppUITests.framework; sourceTree = BUILT_PRODUCTS_DIR; };
		FC63A624EA8A3978F1F7D9BF /* Pods-ShopApp-ShopAppUITests.release.xcconfig */ = {isa = PBXFileReference; includeInIndex = 1; lastKnownFileType = text.xcconfig; name = "Pods-ShopApp-ShopAppUITests.release.xcconfig"; path = "Target Support Files/Pods-ShopApp-ShopAppUITests/Pods-ShopApp-ShopAppUITests.release.xcconfig"; sourceTree = "<group>"; };
/* End PBXFileReference section */

/* Begin PBXFrameworksBuildPhase section */
		239818E824C1D085005130E3 /* Frameworks */ = {
			isa = PBXFrameworksBuildPhase;
			buildActionMask = 2147483647;
			files = (
				3FAAA6656F9D801028163F74 /* Pods_ShopApp.framework in Frameworks */,
			);
			runOnlyForDeploymentPostprocessing = 0;
		};
		239818FE24C1D085005130E3 /* Frameworks */ = {
			isa = PBXFrameworksBuildPhase;
			buildActionMask = 2147483647;
			files = (
				34787A84F59BEE84F4BBDF7C /* Pods_ShopAppTests.framework in Frameworks */,
			);
			runOnlyForDeploymentPostprocessing = 0;
		};
		2398190924C1D085005130E3 /* Frameworks */ = {
			isa = PBXFrameworksBuildPhase;
			buildActionMask = 2147483647;
			files = (
				C73E6A26F96892A5E7135B27 /* Pods_ShopApp_ShopAppUITests.framework in Frameworks */,
			);
			runOnlyForDeploymentPostprocessing = 0;
		};
/* End PBXFrameworksBuildPhase section */

/* Begin PBXGroup section */
		236BA61424CAE47300E8C91B /* Catalog */ = {
			isa = PBXGroup;
			children = (
				236BA61524CAE4A400E8C91B /* CatalogData.swift */,
				236BA61924CAE58300E8C91B /* CatalogDataResult.swift */,
				236BA61724CAE51A00E8C91B /* CatalogDataRequestFactory.swift */,
			);
			path = Catalog;
			sourceTree = "<group>";
		};
		236BA61B24CB01FB00E8C91B /* Product */ = {
			isa = PBXGroup;
			children = (
				236BA61C24CB021400E8C91B /* ProductData.swift */,
				236BA61E24CB036F00E8C91B /* ProductDataResult.swift */,
				236BA62024CB03A700E8C91B /* ProductDataRequestFactory.swift */,
			);
			path = Product;
			sourceTree = "<group>";
		};
		239818E224C1D084005130E3 = {
			isa = PBXGroup;
			children = (
				239818ED24C1D085005130E3 /* ShopApp */,
				2398190424C1D085005130E3 /* ShopAppTests */,
				2398190F24C1D085005130E3 /* ShopAppUITests */,
				239818EC24C1D085005130E3 /* Products */,
				38348D3CCB0327508A218D00 /* Pods */,
				DAB477624372648DEC287644 /* Frameworks */,
			);
			sourceTree = "<group>";
		};
		239818EC24C1D085005130E3 /* Products */ = {
			isa = PBXGroup;
			children = (
				239818EB24C1D085005130E3 /* ShopApp.app */,
				2398190124C1D085005130E3 /* ShopAppTests.xctest */,
				2398190C24C1D085005130E3 /* ShopAppUITests.xctest */,
			);
			name = Products;
			sourceTree = "<group>";
		};
		239818ED24C1D085005130E3 /* ShopApp */ = {
			isa = PBXGroup;
			children = (
				2398191E24C1D467005130E3 /* App */,
				2398191F24C1D472005130E3 /* Core */,
				2398192024C1D486005130E3 /* Resource */,
				2398192124C1D496005130E3 /* Environments */,
			);
			path = ShopApp;
			sourceTree = "<group>";
		};
		2398190424C1D085005130E3 /* ShopAppTests */ = {
			isa = PBXGroup;
			children = (
				236BA62224CB221E00E8C91B /* AuthTest.swift */,
				2387FAD224CC013800418D6A /* LogoutTest.swift */,
				2387FAD424CC034100418D6A /* ProfileChangeTest.swift */,
				2387FAD624CC08C500418D6A /* CatalogDataTest.swift */,
				2387FAD824CC0DCC00418D6A /* ProductDataTest.swift */,
				2398190524C1D085005130E3 /* ShopAppTests.swift */,
				2398190724C1D085005130E3 /* Info.plist */,
			);
			path = ShopAppTests;
			sourceTree = "<group>";
		};
		2398190F24C1D085005130E3 /* ShopAppUITests */ = {
			isa = PBXGroup;
			children = (
				2398191024C1D085005130E3 /* ShopAppUITests.swift */,
				2398191224C1D085005130E3 /* Info.plist */,
			);
			path = ShopAppUITests;
			sourceTree = "<group>";
		};
		2398191E24C1D467005130E3 /* App */ = {
			isa = PBXGroup;
			children = (
				239818EE24C1D085005130E3 /* AppDelegate.swift */,
				239818F024C1D085005130E3 /* SceneDelegate.swift */,
				2398192524C1D4EE005130E3 /* Assembly */,
				2398192424C1D4D9005130E3 /* BusinessLogic */,
				2398192324C1D4CC005130E3 /* Entity */,
				2398192224C1D4C3005130E3 /* Flows */,
			);
			path = App;
			sourceTree = "<group>";
		};
		2398191F24C1D472005130E3 /* Core */ = {
			isa = PBXGroup;
			children = (
				23BD26EB24C595E400671411 /* Network */,
			);
			path = Core;
			sourceTree = "<group>";
		};
		2398192024C1D486005130E3 /* Resource */ = {
			isa = PBXGroup;
			children = (
				239818F924C1D085005130E3 /* LaunchScreen.storyboard */,
				239818F724C1D085005130E3 /* Assets.xcassets */,
			);
			path = Resource;
			sourceTree = "<group>";
		};
		2398192124C1D496005130E3 /* Environments */ = {
			isa = PBXGroup;
			children = (
				239818FC24C1D085005130E3 /* Info.plist */,
			);
			path = Environments;
			sourceTree = "<group>";
		};
		2398192224C1D4C3005130E3 /* Flows */ = {
			isa = PBXGroup;
			children = (
			);
			path = Flows;
			sourceTree = "<group>";
		};
		2398192324C1D4CC005130E3 /* Entity */ = {
			isa = PBXGroup;
			children = (
				23BD26F624C5AA3200671411 /* User.swift */,
			);
			path = Entity;
			sourceTree = "<group>";
		};
		2398192424C1D4D9005130E3 /* BusinessLogic */ = {
			isa = PBXGroup;
			children = (
				23BD26F824C5AA7400671411 /* Network */,
			);
			path = BusinessLogic;
			sourceTree = "<group>";
		};
		2398192524C1D4EE005130E3 /* Assembly */ = {
			isa = PBXGroup;
			children = (
			);
			path = Assembly;
			sourceTree = "<group>";
		};
		23B8F92124D4399C004D5840 /* Reviews */ = {
			isa = PBXGroup;
			children = (
				23B8F92224D439CF004D5840 /* ReviewsList */,
			);
			path = Reviews;
			sourceTree = "<group>";
		};
		23B8F92224D439CF004D5840 /* ReviewsList */ = {
			isa = PBXGroup;
			children = (
				23B8F92324D43A36004D5840 /* ReviewsList.swift */,
				23B8F92524D43B07004D5840 /* ReviewsListResult.swift */,
				23B8F92724D43B15004D5840 /* ReviewsListRequestFactory.swift */,
			);
			path = ReviewsList;
			sourceTree = "<group>";
		};
		23BD26EB24C595E400671411 /* Network */ = {
			isa = PBXGroup;
			children = (
				23BD26EC24C59CD700671411 /* AbstractErrorParser.swift */,
				23BD26EE24C59DDC00671411 /* ErrorParser.swift */,
				23BD26F024C59E5500671411 /* DataRequest.swift */,
				23BD26F224C5A75400671411 /* RequestRouter.swift */,
				23BD26FF24C5CD9F00671411 /* CustomDecodableSerializer.swift */,
			);
			path = Network;
			sourceTree = "<group>";
		};
		23BD26F824C5AA7400671411 /* Network */ = {
			isa = PBXGroup;
			children = (
				23B8F92124D4399C004D5840 /* Reviews */,
				236BA61B24CB01FB00E8C91B /* Product */,
				236BA61424CAE47300E8C91B /* Catalog */,
				23BD271424C7177F00671411 /* SignUp */,
				23BD270524C6DECC00671411 /* Auth */,
				23BD270624C6DEDD00671411 /* Logout */,
				23BD270D24C6F35300671411 /* ProfileChange */,
				23BD26FD24C5AB9600671411 /* RequestFactory.swift */,
				23105D4E24D0A7CB00674391 /* routes.swift */,
			);
			path = Network;
			sourceTree = "<group>";
		};
		23BD270524C6DECC00671411 /* Auth */ = {
			isa = PBXGroup;
			children = (
				23BD26FB24C5AB1C00671411 /* Auth.swift */,
				23BD26F424C5AA0E00671411 /* LoginResult.swift */,
				23BD26F924C5AAA400671411 /* AuthRequestFactory.swift */,
			);
			path = Auth;
			sourceTree = "<group>";
		};
		23BD270624C6DEDD00671411 /* Logout */ = {
			isa = PBXGroup;
			children = (
				23BD270924C6DFAD00671411 /* Logout.swift */,
				23BD270724C6DF5400671411 /* LogoutResult.swift */,
				23BD270B24C6E13900671411 /* LogoutRequestFactory.swift */,
			);
			path = Logout;
			sourceTree = "<group>";
		};
		23BD270D24C6F35300671411 /* ProfileChange */ = {
			isa = PBXGroup;
			children = (
				23BD270E24C6F43E00671411 /* ProfileChange.swift */,
				23BD271024C6F47800671411 /* ProfileChangeResult.swift */,
				23BD271224C6F48F00671411 /* ProfileChangeRequestFactory.swift */,
			);
			path = ProfileChange;
			sourceTree = "<group>";
		};
		23BD271424C7177F00671411 /* SignUp */ = {
			isa = PBXGroup;
			children = (
				23BD271524C717C200671411 /* SignUp.swift */,
				23BD271724C717D700671411 /* SignUpResult.swift */,
				23BD271924C717F200671411 /* SignUpRequestFactory.swift */,
			);
			path = SignUp;
			sourceTree = "<group>";
		};
		38348D3CCB0327508A218D00 /* Pods */ = {
			isa = PBXGroup;
			children = (
				96C81C80C29634EA6C53792A /* Pods-ShopApp.debug.xcconfig */,
				47313C417776F35D9520D726 /* Pods-ShopApp.release.xcconfig */,
				87A240A36C333D05D95186A7 /* Pods-ShopApp-ShopAppUITests.debug.xcconfig */,
				FC63A624EA8A3978F1F7D9BF /* Pods-ShopApp-ShopAppUITests.release.xcconfig */,
				B88189C055F382D1B17DBBF9 /* Pods-ShopAppTests.debug.xcconfig */,
				050EA76BA33DB0EFBFEFE40A /* Pods-ShopAppTests.release.xcconfig */,
			);
			path = Pods;
			sourceTree = "<group>";
		};
		DAB477624372648DEC287644 /* Frameworks */ = {
			isa = PBXGroup;
			children = (
				8B8F81A3F61167790876216D /* Pods_ShopApp.framework */,
				F4164D77998B66AE559BB108 /* Pods_ShopApp_ShopAppUITests.framework */,
				03F135D30D82EE2218CCF031 /* Pods_ShopAppTests.framework */,
			);
			name = Frameworks;
			sourceTree = "<group>";
		};
/* End PBXGroup section */

/* Begin PBXNativeTarget section */
		239818EA24C1D085005130E3 /* ShopApp */ = {
			isa = PBXNativeTarget;
			buildConfigurationList = 2398191524C1D085005130E3 /* Build configuration list for PBXNativeTarget "ShopApp" */;
			buildPhases = (
				01C60B3A73D7B92E39D0D9CB /* [CP] Check Pods Manifest.lock */,
				239818E724C1D085005130E3 /* Sources */,
				239818E824C1D085005130E3 /* Frameworks */,
				239818E924C1D085005130E3 /* Resources */,
				EDB92B4C4042F89BC8C62C80 /* [CP] Embed Pods Frameworks */,
			);
			buildRules = (
			);
			dependencies = (
			);
			name = ShopApp;
			productName = ShopApp;
			productReference = 239818EB24C1D085005130E3 /* ShopApp.app */;
			productType = "com.apple.product-type.application";
		};
		2398190024C1D085005130E3 /* ShopAppTests */ = {
			isa = PBXNativeTarget;
			buildConfigurationList = 2398191824C1D085005130E3 /* Build configuration list for PBXNativeTarget "ShopAppTests" */;
			buildPhases = (
				F81D67F56B27CB3713C2A671 /* [CP] Check Pods Manifest.lock */,
				239818FD24C1D085005130E3 /* Sources */,
				239818FE24C1D085005130E3 /* Frameworks */,
				239818FF24C1D085005130E3 /* Resources */,
			);
			buildRules = (
			);
			dependencies = (
				2398190324C1D085005130E3 /* PBXTargetDependency */,
			);
			name = ShopAppTests;
			productName = ShopAppTests;
			productReference = 2398190124C1D085005130E3 /* ShopAppTests.xctest */;
			productType = "com.apple.product-type.bundle.unit-test";
		};
		2398190B24C1D085005130E3 /* ShopAppUITests */ = {
			isa = PBXNativeTarget;
			buildConfigurationList = 2398191B24C1D085005130E3 /* Build configuration list for PBXNativeTarget "ShopAppUITests" */;
			buildPhases = (
				B2FF5C1014E2B2B401D4DC8D /* [CP] Check Pods Manifest.lock */,
				2398190824C1D085005130E3 /* Sources */,
				2398190924C1D085005130E3 /* Frameworks */,
				2398190A24C1D085005130E3 /* Resources */,
				B5DDDA646D69CD2183746396 /* [CP] Embed Pods Frameworks */,
			);
			buildRules = (
			);
			dependencies = (
				2398190E24C1D085005130E3 /* PBXTargetDependency */,
			);
			name = ShopAppUITests;
			productName = ShopAppUITests;
			productReference = 2398190C24C1D085005130E3 /* ShopAppUITests.xctest */;
			productType = "com.apple.product-type.bundle.ui-testing";
		};
/* End PBXNativeTarget section */

/* Begin PBXProject section */
		239818E324C1D084005130E3 /* Project object */ = {
			isa = PBXProject;
			attributes = {
				LastSwiftUpdateCheck = 1150;
				LastUpgradeCheck = 1150;
				ORGANIZATIONNAME = "Kirill Anisimov";
				TargetAttributes = {
					239818EA24C1D085005130E3 = {
						CreatedOnToolsVersion = 11.5;
					};
					2398190024C1D085005130E3 = {
						CreatedOnToolsVersion = 11.5;
						TestTargetID = 239818EA24C1D085005130E3;
					};
					2398190B24C1D085005130E3 = {
						CreatedOnToolsVersion = 11.5;
						TestTargetID = 239818EA24C1D085005130E3;
					};
				};
			};
			buildConfigurationList = 239818E624C1D084005130E3 /* Build configuration list for PBXProject "ShopApp" */;
			compatibilityVersion = "Xcode 9.3";
			developmentRegion = en;
			hasScannedForEncodings = 0;
			knownRegions = (
				en,
				Base,
			);
			mainGroup = 239818E224C1D084005130E3;
			productRefGroup = 239818EC24C1D085005130E3 /* Products */;
			projectDirPath = "";
			projectRoot = "";
			targets = (
				239818EA24C1D085005130E3 /* ShopApp */,
				2398190024C1D085005130E3 /* ShopAppTests */,
				2398190B24C1D085005130E3 /* ShopAppUITests */,
			);
		};
/* End PBXProject section */

/* Begin PBXResourcesBuildPhase section */
		239818E924C1D085005130E3 /* Resources */ = {
			isa = PBXResourcesBuildPhase;
			buildActionMask = 2147483647;
			files = (
				239818FB24C1D085005130E3 /* LaunchScreen.storyboard in Resources */,
				239818F824C1D085005130E3 /* Assets.xcassets in Resources */,
			);
			runOnlyForDeploymentPostprocessing = 0;
		};
		239818FF24C1D085005130E3 /* Resources */ = {
			isa = PBXResourcesBuildPhase;
			buildActionMask = 2147483647;
			files = (
			);
			runOnlyForDeploymentPostprocessing = 0;
		};
		2398190A24C1D085005130E3 /* Resources */ = {
			isa = PBXResourcesBuildPhase;
			buildActionMask = 2147483647;
			files = (
			);
			runOnlyForDeploymentPostprocessing = 0;
		};
/* End PBXResourcesBuildPhase section */

/* Begin PBXShellScriptBuildPhase section */
		01C60B3A73D7B92E39D0D9CB /* [CP] Check Pods Manifest.lock */ = {
			isa = PBXShellScriptBuildPhase;
			buildActionMask = 2147483647;
			files = (
			);
			inputFileListPaths = (
			);
			inputPaths = (
				"${PODS_PODFILE_DIR_PATH}/Podfile.lock",
				"${PODS_ROOT}/Manifest.lock",
			);
			name = "[CP] Check Pods Manifest.lock";
			outputFileListPaths = (
			);
			outputPaths = (
				"$(DERIVED_FILE_DIR)/Pods-ShopApp-checkManifestLockResult.txt",
			);
			runOnlyForDeploymentPostprocessing = 0;
			shellPath = /bin/sh;
			shellScript = "diff \"${PODS_PODFILE_DIR_PATH}/Podfile.lock\" \"${PODS_ROOT}/Manifest.lock\" > /dev/null\nif [ $? != 0 ] ; then\n    # print error to STDERR\n    echo \"error: The sandbox is not in sync with the Podfile.lock. Run 'pod install' or update your CocoaPods installation.\" >&2\n    exit 1\nfi\n# This output is used by Xcode 'outputs' to avoid re-running this script phase.\necho \"SUCCESS\" > \"${SCRIPT_OUTPUT_FILE_0}\"\n";
			showEnvVarsInLog = 0;
		};
		B2FF5C1014E2B2B401D4DC8D /* [CP] Check Pods Manifest.lock */ = {
			isa = PBXShellScriptBuildPhase;
			buildActionMask = 2147483647;
			files = (
			);
			inputFileListPaths = (
			);
			inputPaths = (
				"${PODS_PODFILE_DIR_PATH}/Podfile.lock",
				"${PODS_ROOT}/Manifest.lock",
			);
			name = "[CP] Check Pods Manifest.lock";
			outputFileListPaths = (
			);
			outputPaths = (
				"$(DERIVED_FILE_DIR)/Pods-ShopApp-ShopAppUITests-checkManifestLockResult.txt",
			);
			runOnlyForDeploymentPostprocessing = 0;
			shellPath = /bin/sh;
			shellScript = "diff \"${PODS_PODFILE_DIR_PATH}/Podfile.lock\" \"${PODS_ROOT}/Manifest.lock\" > /dev/null\nif [ $? != 0 ] ; then\n    # print error to STDERR\n    echo \"error: The sandbox is not in sync with the Podfile.lock. Run 'pod install' or update your CocoaPods installation.\" >&2\n    exit 1\nfi\n# This output is used by Xcode 'outputs' to avoid re-running this script phase.\necho \"SUCCESS\" > \"${SCRIPT_OUTPUT_FILE_0}\"\n";
			showEnvVarsInLog = 0;
		};
		B5DDDA646D69CD2183746396 /* [CP] Embed Pods Frameworks */ = {
			isa = PBXShellScriptBuildPhase;
			buildActionMask = 2147483647;
			files = (
			);
			inputFileListPaths = (
				"${PODS_ROOT}/Target Support Files/Pods-ShopApp-ShopAppUITests/Pods-ShopApp-ShopAppUITests-frameworks-${CONFIGURATION}-input-files.xcfilelist",
			);
			name = "[CP] Embed Pods Frameworks";
			outputFileListPaths = (
				"${PODS_ROOT}/Target Support Files/Pods-ShopApp-ShopAppUITests/Pods-ShopApp-ShopAppUITests-frameworks-${CONFIGURATION}-output-files.xcfilelist",
			);
			runOnlyForDeploymentPostprocessing = 0;
			shellPath = /bin/sh;
			shellScript = "\"${PODS_ROOT}/Target Support Files/Pods-ShopApp-ShopAppUITests/Pods-ShopApp-ShopAppUITests-frameworks.sh\"\n";
			showEnvVarsInLog = 0;
		};
		EDB92B4C4042F89BC8C62C80 /* [CP] Embed Pods Frameworks */ = {
			isa = PBXShellScriptBuildPhase;
			buildActionMask = 2147483647;
			files = (
			);
			inputFileListPaths = (
				"${PODS_ROOT}/Target Support Files/Pods-ShopApp/Pods-ShopApp-frameworks-${CONFIGURATION}-input-files.xcfilelist",
			);
			name = "[CP] Embed Pods Frameworks";
			outputFileListPaths = (
				"${PODS_ROOT}/Target Support Files/Pods-ShopApp/Pods-ShopApp-frameworks-${CONFIGURATION}-output-files.xcfilelist",
			);
			runOnlyForDeploymentPostprocessing = 0;
			shellPath = /bin/sh;
			shellScript = "\"${PODS_ROOT}/Target Support Files/Pods-ShopApp/Pods-ShopApp-frameworks.sh\"\n";
			showEnvVarsInLog = 0;
		};
		F81D67F56B27CB3713C2A671 /* [CP] Check Pods Manifest.lock */ = {
			isa = PBXShellScriptBuildPhase;
			buildActionMask = 2147483647;
			files = (
			);
			inputFileListPaths = (
			);
			inputPaths = (
				"${PODS_PODFILE_DIR_PATH}/Podfile.lock",
				"${PODS_ROOT}/Manifest.lock",
			);
			name = "[CP] Check Pods Manifest.lock";
			outputFileListPaths = (
			);
			outputPaths = (
				"$(DERIVED_FILE_DIR)/Pods-ShopAppTests-checkManifestLockResult.txt",
			);
			runOnlyForDeploymentPostprocessing = 0;
			shellPath = /bin/sh;
			shellScript = "diff \"${PODS_PODFILE_DIR_PATH}/Podfile.lock\" \"${PODS_ROOT}/Manifest.lock\" > /dev/null\nif [ $? != 0 ] ; then\n    # print error to STDERR\n    echo \"error: The sandbox is not in sync with the Podfile.lock. Run 'pod install' or update your CocoaPods installation.\" >&2\n    exit 1\nfi\n# This output is used by Xcode 'outputs' to avoid re-running this script phase.\necho \"SUCCESS\" > \"${SCRIPT_OUTPUT_FILE_0}\"\n";
			showEnvVarsInLog = 0;
		};
/* End PBXShellScriptBuildPhase section */

/* Begin PBXSourcesBuildPhase section */
		239818E724C1D085005130E3 /* Sources */ = {
			isa = PBXSourcesBuildPhase;
			buildActionMask = 2147483647;
			files = (
				23B8F92624D43B07004D5840 /* ReviewsListResult.swift in Sources */,
				23BD26FE24C5AB9600671411 /* RequestFactory.swift in Sources */,
				236BA61624CAE4A400E8C91B /* CatalogData.swift in Sources */,
				23BD26ED24C59CD700671411 /* AbstractErrorParser.swift in Sources */,
				23BD271324C6F48F00671411 /* ProfileChangeRequestFactory.swift in Sources */,
				23BD270824C6DF5400671411 /* LogoutResult.swift in Sources */,
				236BA62124CB03A700E8C91B /* ProductDataRequestFactory.swift in Sources */,
				23BD26F524C5AA0E00671411 /* LoginResult.swift in Sources */,
				23B8F92824D43B15004D5840 /* ReviewsListRequestFactory.swift in Sources */,
				236BA61A24CAE58300E8C91B /* CatalogDataResult.swift in Sources */,
				23BD26F124C59E5500671411 /* DataRequest.swift in Sources */,
				23105D4F24D0A7CB00674391 /* routes.swift in Sources */,
				23BD271824C717D700671411 /* SignUpResult.swift in Sources */,
				23BD270F24C6F43E00671411 /* ProfileChange.swift in Sources */,
				23BD26F324C5A75400671411 /* RequestRouter.swift in Sources */,
				23BD26F724C5AA3200671411 /* User.swift in Sources */,
				236BA61F24CB036F00E8C91B /* ProductDataResult.swift in Sources */,
				23BD271124C6F47800671411 /* ProfileChangeResult.swift in Sources */,
				23BD26FC24C5AB1C00671411 /* Auth.swift in Sources */,
				23B8F92424D43A36004D5840 /* ReviewsList.swift in Sources */,
				23BD26FA24C5AAA400671411 /* AuthRequestFactory.swift in Sources */,
				239818EF24C1D085005130E3 /* AppDelegate.swift in Sources */,
				239818F124C1D085005130E3 /* SceneDelegate.swift in Sources */,
				23BD270024C5CD9F00671411 /* CustomDecodableSerializer.swift in Sources */,
				23BD270C24C6E13900671411 /* LogoutRequestFactory.swift in Sources */,
				23BD271624C717C200671411 /* SignUp.swift in Sources */,
				236BA61824CAE51A00E8C91B /* CatalogDataRequestFactory.swift in Sources */,
				236BA61D24CB021400E8C91B /* ProductData.swift in Sources */,
				23BD26EF24C59DDC00671411 /* ErrorParser.swift in Sources */,
				23BD270A24C6DFAD00671411 /* Logout.swift in Sources */,
				23BD271A24C717F200671411 /* SignUpRequestFactory.swift in Sources */,
			);
			runOnlyForDeploymentPostprocessing = 0;
		};
		239818FD24C1D085005130E3 /* Sources */ = {
			isa = PBXSourcesBuildPhase;
			buildActionMask = 2147483647;
			files = (
				2398190624C1D085005130E3 /* ShopAppTests.swift in Sources */,
				2387FAD924CC0DCC00418D6A /* ProductDataTest.swift in Sources */,
				2387FAD524CC034100418D6A /* ProfileChangeTest.swift in Sources */,
				2387FAD324CC013800418D6A /* LogoutTest.swift in Sources */,
				236BA62324CB221E00E8C91B /* AuthTest.swift in Sources */,
				2387FAD724CC08C500418D6A /* CatalogDataTest.swift in Sources */,
			);
			runOnlyForDeploymentPostprocessing = 0;
		};
		2398190824C1D085005130E3 /* Sources */ = {
			isa = PBXSourcesBuildPhase;
			buildActionMask = 2147483647;
			files = (
				2398191124C1D085005130E3 /* ShopAppUITests.swift in Sources */,
			);
			runOnlyForDeploymentPostprocessing = 0;
		};
/* End PBXSourcesBuildPhase section */

/* Begin PBXTargetDependency section */
		2398190324C1D085005130E3 /* PBXTargetDependency */ = {
			isa = PBXTargetDependency;
			target = 239818EA24C1D085005130E3 /* ShopApp */;
			targetProxy = 2398190224C1D085005130E3 /* PBXContainerItemProxy */;
		};
		2398190E24C1D085005130E3 /* PBXTargetDependency */ = {
			isa = PBXTargetDependency;
			target = 239818EA24C1D085005130E3 /* ShopApp */;
			targetProxy = 2398190D24C1D085005130E3 /* PBXContainerItemProxy */;
		};
/* End PBXTargetDependency section */

/* Begin PBXVariantGroup section */
		239818F924C1D085005130E3 /* LaunchScreen.storyboard */ = {
			isa = PBXVariantGroup;
			children = (
				239818FA24C1D085005130E3 /* Base */,
			);
			name = LaunchScreen.storyboard;
			sourceTree = "<group>";
		};
/* End PBXVariantGroup section */

/* Begin XCBuildConfiguration section */
		2398191324C1D085005130E3 /* Debug */ = {
			isa = XCBuildConfiguration;
			buildSettings = {
				ALWAYS_SEARCH_USER_PATHS = NO;
				CLANG_ANALYZER_NONNULL = YES;
				CLANG_ANALYZER_NUMBER_OBJECT_CONVERSION = YES_AGGRESSIVE;
				CLANG_CXX_LANGUAGE_STANDARD = "gnu++14";
				CLANG_CXX_LIBRARY = "libc++";
				CLANG_ENABLE_MODULES = YES;
				CLANG_ENABLE_OBJC_ARC = YES;
				CLANG_ENABLE_OBJC_WEAK = YES;
				CLANG_WARN_BLOCK_CAPTURE_AUTORELEASING = YES;
				CLANG_WARN_BOOL_CONVERSION = YES;
				CLANG_WARN_COMMA = YES;
				CLANG_WARN_CONSTANT_CONVERSION = YES;
				CLANG_WARN_DEPRECATED_OBJC_IMPLEMENTATIONS = YES;
				CLANG_WARN_DIRECT_OBJC_ISA_USAGE = YES_ERROR;
				CLANG_WARN_DOCUMENTATION_COMMENTS = YES;
				CLANG_WARN_EMPTY_BODY = YES;
				CLANG_WARN_ENUM_CONVERSION = YES;
				CLANG_WARN_INFINITE_RECURSION = YES;
				CLANG_WARN_INT_CONVERSION = YES;
				CLANG_WARN_NON_LITERAL_NULL_CONVERSION = YES;
				CLANG_WARN_OBJC_IMPLICIT_RETAIN_SELF = YES;
				CLANG_WARN_OBJC_LITERAL_CONVERSION = YES;
				CLANG_WARN_OBJC_ROOT_CLASS = YES_ERROR;
				CLANG_WARN_RANGE_LOOP_ANALYSIS = YES;
				CLANG_WARN_STRICT_PROTOTYPES = YES;
				CLANG_WARN_SUSPICIOUS_MOVE = YES;
				CLANG_WARN_UNGUARDED_AVAILABILITY = YES_AGGRESSIVE;
				CLANG_WARN_UNREACHABLE_CODE = YES;
				CLANG_WARN__DUPLICATE_METHOD_MATCH = YES;
				COPY_PHASE_STRIP = NO;
				DEBUG_INFORMATION_FORMAT = dwarf;
				ENABLE_STRICT_OBJC_MSGSEND = YES;
				ENABLE_TESTABILITY = YES;
				GCC_C_LANGUAGE_STANDARD = gnu11;
				GCC_DYNAMIC_NO_PIC = NO;
				GCC_NO_COMMON_BLOCKS = YES;
				GCC_OPTIMIZATION_LEVEL = 0;
				GCC_PREPROCESSOR_DEFINITIONS = (
					"DEBUG=1",
					"$(inherited)",
				);
				GCC_WARN_64_TO_32_BIT_CONVERSION = YES;
				GCC_WARN_ABOUT_RETURN_TYPE = YES_ERROR;
				GCC_WARN_UNDECLARED_SELECTOR = YES;
				GCC_WARN_UNINITIALIZED_AUTOS = YES_AGGRESSIVE;
				GCC_WARN_UNUSED_FUNCTION = YES;
				GCC_WARN_UNUSED_VARIABLE = YES;
				IPHONEOS_DEPLOYMENT_TARGET = 13.5;
				MTL_ENABLE_DEBUG_INFO = INCLUDE_SOURCE;
				MTL_FAST_MATH = YES;
				ONLY_ACTIVE_ARCH = YES;
				SDKROOT = iphoneos;
				SWIFT_ACTIVE_COMPILATION_CONDITIONS = DEBUG;
				SWIFT_OPTIMIZATION_LEVEL = "-Onone";
			};
			name = Debug;
		};
		2398191424C1D085005130E3 /* Release */ = {
			isa = XCBuildConfiguration;
			buildSettings = {
				ALWAYS_SEARCH_USER_PATHS = NO;
				CLANG_ANALYZER_NONNULL = YES;
				CLANG_ANALYZER_NUMBER_OBJECT_CONVERSION = YES_AGGRESSIVE;
				CLANG_CXX_LANGUAGE_STANDARD = "gnu++14";
				CLANG_CXX_LIBRARY = "libc++";
				CLANG_ENABLE_MODULES = YES;
				CLANG_ENABLE_OBJC_ARC = YES;
				CLANG_ENABLE_OBJC_WEAK = YES;
				CLANG_WARN_BLOCK_CAPTURE_AUTORELEASING = YES;
				CLANG_WARN_BOOL_CONVERSION = YES;
				CLANG_WARN_COMMA = YES;
				CLANG_WARN_CONSTANT_CONVERSION = YES;
				CLANG_WARN_DEPRECATED_OBJC_IMPLEMENTATIONS = YES;
				CLANG_WARN_DIRECT_OBJC_ISA_USAGE = YES_ERROR;
				CLANG_WARN_DOCUMENTATION_COMMENTS = YES;
				CLANG_WARN_EMPTY_BODY = YES;
				CLANG_WARN_ENUM_CONVERSION = YES;
				CLANG_WARN_INFINITE_RECURSION = YES;
				CLANG_WARN_INT_CONVERSION = YES;
				CLANG_WARN_NON_LITERAL_NULL_CONVERSION = YES;
				CLANG_WARN_OBJC_IMPLICIT_RETAIN_SELF = YES;
				CLANG_WARN_OBJC_LITERAL_CONVERSION = YES;
				CLANG_WARN_OBJC_ROOT_CLASS = YES_ERROR;
				CLANG_WARN_RANGE_LOOP_ANALYSIS = YES;
				CLANG_WARN_STRICT_PROTOTYPES = YES;
				CLANG_WARN_SUSPICIOUS_MOVE = YES;
				CLANG_WARN_UNGUARDED_AVAILABILITY = YES_AGGRESSIVE;
				CLANG_WARN_UNREACHABLE_CODE = YES;
				CLANG_WARN__DUPLICATE_METHOD_MATCH = YES;
				COPY_PHASE_STRIP = NO;
				DEBUG_INFORMATION_FORMAT = "dwarf-with-dsym";
				ENABLE_NS_ASSERTIONS = NO;
				ENABLE_STRICT_OBJC_MSGSEND = YES;
				GCC_C_LANGUAGE_STANDARD = gnu11;
				GCC_NO_COMMON_BLOCKS = YES;
				GCC_WARN_64_TO_32_BIT_CONVERSION = YES;
				GCC_WARN_ABOUT_RETURN_TYPE = YES_ERROR;
				GCC_WARN_UNDECLARED_SELECTOR = YES;
				GCC_WARN_UNINITIALIZED_AUTOS = YES_AGGRESSIVE;
				GCC_WARN_UNUSED_FUNCTION = YES;
				GCC_WARN_UNUSED_VARIABLE = YES;
				IPHONEOS_DEPLOYMENT_TARGET = 13.5;
				MTL_ENABLE_DEBUG_INFO = NO;
				MTL_FAST_MATH = YES;
				SDKROOT = iphoneos;
				SWIFT_COMPILATION_MODE = wholemodule;
				SWIFT_OPTIMIZATION_LEVEL = "-O";
				VALIDATE_PRODUCT = YES;
			};
			name = Release;
		};
		2398191624C1D085005130E3 /* Debug */ = {
			isa = XCBuildConfiguration;
			baseConfigurationReference = 96C81C80C29634EA6C53792A /* Pods-ShopApp.debug.xcconfig */;
			buildSettings = {
				ASSETCATALOG_COMPILER_APPICON_NAME = AppIcon;
				CODE_SIGN_STYLE = Automatic;
				DEVELOPMENT_TEAM = 2Q8CDQHFHQ;
				INFOPLIST_FILE = ShopApp/Environments/Info.plist;
				LD_RUNPATH_SEARCH_PATHS = (
					"$(inherited)",
					"@executable_path/Frameworks",
				);
				PRODUCT_BUNDLE_IDENTIFIER = "Kirill-Anisimov.ShopApp";
				PRODUCT_NAME = "$(TARGET_NAME)";
				SWIFT_VERSION = 5.0;
				TARGETED_DEVICE_FAMILY = "1,2";
			};
			name = Debug;
		};
		2398191724C1D085005130E3 /* Release */ = {
			isa = XCBuildConfiguration;
			baseConfigurationReference = 47313C417776F35D9520D726 /* Pods-ShopApp.release.xcconfig */;
			buildSettings = {
				ASSETCATALOG_COMPILER_APPICON_NAME = AppIcon;
				CODE_SIGN_STYLE = Automatic;
				DEVELOPMENT_TEAM = 2Q8CDQHFHQ;
				INFOPLIST_FILE = ShopApp/Environments/Info.plist;
				LD_RUNPATH_SEARCH_PATHS = (
					"$(inherited)",
					"@executable_path/Frameworks",
				);
				PRODUCT_BUNDLE_IDENTIFIER = "Kirill-Anisimov.ShopApp";
				PRODUCT_NAME = "$(TARGET_NAME)";
				SWIFT_VERSION = 5.0;
				TARGETED_DEVICE_FAMILY = "1,2";
			};
			name = Release;
		};
		2398191924C1D085005130E3 /* Debug */ = {
			isa = XCBuildConfiguration;
			baseConfigurationReference = B88189C055F382D1B17DBBF9 /* Pods-ShopAppTests.debug.xcconfig */;
			buildSettings = {
				ALWAYS_EMBED_SWIFT_STANDARD_LIBRARIES = YES;
				BUNDLE_LOADER = "$(TEST_HOST)";
				CODE_SIGN_STYLE = Automatic;
				DEVELOPMENT_TEAM = 2Q8CDQHFHQ;
				INFOPLIST_FILE = ShopAppTests/Info.plist;
				IPHONEOS_DEPLOYMENT_TARGET = 13.5;
				LD_RUNPATH_SEARCH_PATHS = (
					"$(inherited)",
					"@executable_path/Frameworks",
					"@loader_path/Frameworks",
				);
				PRODUCT_BUNDLE_IDENTIFIER = "Kirill-Anisimov.ShopAppTests";
				PRODUCT_NAME = "$(TARGET_NAME)";
				SWIFT_VERSION = 5.0;
				TARGETED_DEVICE_FAMILY = "1,2";
				TEST_HOST = "$(BUILT_PRODUCTS_DIR)/ShopApp.app/ShopApp";
			};
			name = Debug;
		};
		2398191A24C1D085005130E3 /* Release */ = {
			isa = XCBuildConfiguration;
			baseConfigurationReference = 050EA76BA33DB0EFBFEFE40A /* Pods-ShopAppTests.release.xcconfig */;
			buildSettings = {
				ALWAYS_EMBED_SWIFT_STANDARD_LIBRARIES = YES;
				BUNDLE_LOADER = "$(TEST_HOST)";
				CODE_SIGN_STYLE = Automatic;
				DEVELOPMENT_TEAM = 2Q8CDQHFHQ;
				INFOPLIST_FILE = ShopAppTests/Info.plist;
				IPHONEOS_DEPLOYMENT_TARGET = 13.5;
				LD_RUNPATH_SEARCH_PATHS = (
					"$(inherited)",
					"@executable_path/Frameworks",
					"@loader_path/Frameworks",
				);
				PRODUCT_BUNDLE_IDENTIFIER = "Kirill-Anisimov.ShopAppTests";
				PRODUCT_NAME = "$(TARGET_NAME)";
				SWIFT_VERSION = 5.0;
				TARGETED_DEVICE_FAMILY = "1,2";
				TEST_HOST = "$(BUILT_PRODUCTS_DIR)/ShopApp.app/ShopApp";
			};
			name = Release;
		};
		2398191C24C1D085005130E3 /* Debug */ = {
			isa = XCBuildConfiguration;
			baseConfigurationReference = 87A240A36C333D05D95186A7 /* Pods-ShopApp-ShopAppUITests.debug.xcconfig */;
			buildSettings = {
				ALWAYS_EMBED_SWIFT_STANDARD_LIBRARIES = YES;
				CODE_SIGN_STYLE = Automatic;
				DEVELOPMENT_TEAM = 2Q8CDQHFHQ;
				INFOPLIST_FILE = ShopAppUITests/Info.plist;
				LD_RUNPATH_SEARCH_PATHS = (
					"$(inherited)",
					"@executable_path/Frameworks",
					"@loader_path/Frameworks",
				);
				PRODUCT_BUNDLE_IDENTIFIER = "Kirill-Anisimov.ShopAppUITests";
				PRODUCT_NAME = "$(TARGET_NAME)";
				SWIFT_VERSION = 5.0;
				TARGETED_DEVICE_FAMILY = "1,2";
				TEST_TARGET_NAME = ShopApp;
			};
			name = Debug;
		};
		2398191D24C1D085005130E3 /* Release */ = {
			isa = XCBuildConfiguration;
			baseConfigurationReference = FC63A624EA8A3978F1F7D9BF /* Pods-ShopApp-ShopAppUITests.release.xcconfig */;
			buildSettings = {
				ALWAYS_EMBED_SWIFT_STANDARD_LIBRARIES = YES;
				CODE_SIGN_STYLE = Automatic;
				DEVELOPMENT_TEAM = 2Q8CDQHFHQ;
				INFOPLIST_FILE = ShopAppUITests/Info.plist;
				LD_RUNPATH_SEARCH_PATHS = (
					"$(inherited)",
					"@executable_path/Frameworks",
					"@loader_path/Frameworks",
				);
				PRODUCT_BUNDLE_IDENTIFIER = "Kirill-Anisimov.ShopAppUITests";
				PRODUCT_NAME = "$(TARGET_NAME)";
				SWIFT_VERSION = 5.0;
				TARGETED_DEVICE_FAMILY = "1,2";
				TEST_TARGET_NAME = ShopApp;
			};
			name = Release;
		};
/* End XCBuildConfiguration section */

/* Begin XCConfigurationList section */
		239818E624C1D084005130E3 /* Build configuration list for PBXProject "ShopApp" */ = {
			isa = XCConfigurationList;
			buildConfigurations = (
				2398191324C1D085005130E3 /* Debug */,
				2398191424C1D085005130E3 /* Release */,
			);
			defaultConfigurationIsVisible = 0;
			defaultConfigurationName = Release;
		};
		2398191524C1D085005130E3 /* Build configuration list for PBXNativeTarget "ShopApp" */ = {
			isa = XCConfigurationList;
			buildConfigurations = (
				2398191624C1D085005130E3 /* Debug */,
				2398191724C1D085005130E3 /* Release */,
			);
			defaultConfigurationIsVisible = 0;
			defaultConfigurationName = Release;
		};
		2398191824C1D085005130E3 /* Build configuration list for PBXNativeTarget "ShopAppTests" */ = {
			isa = XCConfigurationList;
			buildConfigurations = (
				2398191924C1D085005130E3 /* Debug */,
				2398191A24C1D085005130E3 /* Release */,
			);
			defaultConfigurationIsVisible = 0;
			defaultConfigurationName = Release;
		};
		2398191B24C1D085005130E3 /* Build configuration list for PBXNativeTarget "ShopAppUITests" */ = {
			isa = XCConfigurationList;
			buildConfigurations = (
				2398191C24C1D085005130E3 /* Debug */,
				2398191D24C1D085005130E3 /* Release */,
			);
			defaultConfigurationIsVisible = 0;
			defaultConfigurationName = Release;
		};
/* End XCConfigurationList section */
	};
	rootObject = 239818E324C1D084005130E3 /* Project object */;
}
